<?xml version="1.0" encoding="utf-8"?>
<Project ToolsVersion="4.0" xmlns="http://schemas.microsoft.com/developer/msbuild/2003">
  <ItemGroup>
    <Filter Include="Havana">
      <UniqueIdentifier>{D41AF0B6-C0BC-1A8D-A977-2EE195B8A1DD}</UniqueIdentifier>
    </Filter>
    <Filter Include="Havana\Events">
      <UniqueIdentifier>{38D088AA-A490-04E1-6DCB-4D5ED94A49BD}</UniqueIdentifier>
    </Filter>
  </ItemGroup>
  <ItemGroup>
    <ClInclude Include="src\Havana.h" />
    <ClInclude Include="src\Havana\Application.h">
      <Filter>Havana</Filter>
    </ClInclude>
    <ClInclude Include="src\Havana\Core.h">
      <Filter>Havana</Filter>
    </ClInclude>
    <ClInclude Include="src\Havana\EntryPoint.h">
      <Filter>Havana</Filter>
    </ClInclude>
    <ClInclude Include="src\Havana\Events\ApplicationEvent.h">
      <Filter>Havana\Events</Filter>
    </ClInclude>
    <ClInclude Include="src\Havana\Events\Event.h">
      <Filter>Havana\Events</Filter>
    </ClInclude>
    <ClInclude Include="src\Havana\Events\KeyEvent.h">
      <Filter>Havana\Events</Filter>
    </ClInclude>
    <ClInclude Include="src\Havana\Events\MouseEvent.h">
      <Filter>Havana\Events</Filter>
    </ClInclude>
    <ClInclude Include="src\Havana\Log.h">
      <Filter>Havana</Filter>
    </ClInclude>
  </ItemGroup>
  <ItemGroup>
    <ClCompile Include="src\Havana\Application.cpp">
      <Filter>Havana</Filter>
    </ClCompile>
    <ClCompile Include="src\Havana\Log.cpp">
      <Filter>Havana</Filter>
    </ClCompile>
  </ItemGroup>
</Project>